
Microsoft Visual Studio Solution File, Format Version 12.00
# Visual Studio 2012
Project("{FAE04EC0-301F-11D3-BF4B-00C04F79EFBC}") = "recommender", "recommender\recommender.csproj", "{0E7BE5C8-5A56-4D0B-AC22-7BA15C1FBE4B}"
EndProject
Global
	GlobalSection(SolutionConfigurationPlatforms) = preSolution
		Debug|x86 = Debug|x86
		Release|x86 = Release|x86
	EndGlobalSection
	GlobalSection(ProjectConfigurationPlatforms) = postSolution
		{0E7BE5C8-5A56-4D0B-AC22-7BA15C1FBE4B}.Debug|x86.ActiveCfg = Debug|x86
		{0E7BE5C8-5A56-4D0B-AC22-7BA15C1FBE4B}.Debug|x86.Build.0 = Debug|x86
		{0E7BE5C8-5A56-4D0B-AC22-7BA15C1FBE4B}.Release|x86.ActiveCfg = Release|x86
		{0E7BE5C8-5A56-4D0B-AC22-7BA15C1FBE4B}.Release|x86.Build.0 = Release|x86
	EndGlobalSection
EndGlobal
